
Microsoft Visual Studio Solution File, Format Version 12.00
# Visual Studio Version 17
VisualStudioVersion = 17.14.37628.2
MinimumVisualStudioVersion = 10.0.40219.1
Project("{2150E333-8FDC-42A3-9474-1A3956D46DE8}") = "Game", "Game", "{36D591C7-65C7-A0D1-1CBC-10CDE441BDC8}"
EndProject
Project("{2150E333-8FDC-42A3-9474-1A3956D46DE8}") = "Engine", "Engine", "{FE28A1FA-3E4A-4CC2-878C-10F88630DEC9}"
EndProject
Project("{FAE04EC0-301F-11D3-BF4B-00C04F79EFBC}") = "Launcher", "Launcher\Launcher.csproj", "{2726CFE9-9255-4846-9F72-14733AAFC3EB}"
EndProject
Project("{FAE04EC0-301F-11D3-BF4B-00C04F79EFBC}") = "Client", "Client\Client.csproj", "{30907BBD-B5E2-4619-93BE-1CCCE5AF47AE}"
EndProject
Project("{FAE04EC0-301F-11D3-BF4B-00C04F79EFBC}") = "AServer", "Server\AServer.csproj", "{76F288A2-62C0-41FD-A4EA-2A8714CD2EA0}"
EndProject
Project("{FAE04EC0-301F-11D3-BF4B-00C04F79EFBC}") = "AEngine", "AEngine\AEngine.csproj", "{49DC751D-2A7A-44F1-949C-81A15B06EDAD}"
EndProject
Project("{2150E333-8FDC-42A3-9474-1A3956D46DE8}") = "Solution Items", "Solution Items", "{834B339B-AB50-4CF4-99BE-26D06A4D8FE6}"
	ProjectSection(SolutionItems) = preProject
		.editorconfig = .editorconfig
	EndProjectSection
EndProject
Project("{FAE04EC0-301F-11D3-BF4B-00C04F79EFBC}") = "NetworkScript", "NetworkScript\NetworkScript.csproj", "{897B9E25-D232-4E50-B551-29B3A3CB29E2}"
EndProject
Global
	GlobalSection(SolutionConfigurationPlatforms) = preSolution
		Debug|Any CPU = Debug|Any CPU
		Release|Any CPU = Release|Any CPU
	EndGlobalSection
	GlobalSection(ProjectConfigurationPlatforms) = postSolution
		{2726CFE9-9255-4846-9F72-14733AAFC3EB}.Debug|Any CPU.ActiveCfg = Debug|Any CPU
		{2726CFE9-9255-4846-9F72-14733AAFC3EB}.Debug|Any CPU.Build.0 = Debug|Any CPU
		{2726CFE9-9255-4846-9F72-14733AAFC3EB}.Release|Any CPU.ActiveCfg = Release|Any CPU
		{2726CFE9-9255-4846-9F72-14733AAFC3EB}.Release|Any CPU.Build.0 = Release|Any CPU
		{30907BBD-B5E2-4619-93BE-1CCCE5AF47AE}.Debug|Any CPU.ActiveCfg = Debug|Any CPU
		{30907BBD-B5E2-4619-93BE-1CCCE5AF47AE}.Debug|Any CPU.Build.0 = Debug|Any CPU
		{30907BBD-B5E2-4619-93BE-1CCCE5AF47AE}.Release|Any CPU.ActiveCfg = Release|Any CPU
		{30907BBD-B5E2-4619-93BE-1CCCE5AF47AE}.Release|Any CPU.Build.0 = Release|Any CPU
		{76F288A2-62C0-41FD-A4EA-2A8714CD2EA0}.Debug|Any CPU.ActiveCfg = Debug|Any CPU
		{76F288A2-62C0-41FD-A4EA-2A8714CD2EA0}.Debug|Any CPU.Build.0 = Debug|Any CPU
		{76F288A2-62C0-41FD-A4EA-2A8714CD2EA0}.Release|Any CPU.ActiveCfg = Release|Any CPU
		{76F288A2-62C0-41FD-A4EA-2A8714CD2EA0}.Release|Any CPU.Build.0 = Release|Any CPU
		{49DC751D-2A7A-44F1-949C-81A15B06EDAD}.Debug|Any CPU.ActiveCfg = Debug|Any CPU
		{49DC751D-2A7A-44F1-949C-81A15B06EDAD}.Debug|Any CPU.Build.0 = Debug|Any CPU
		{49DC751D-2A7A-44F1-949C-81A15B06EDAD}.Release|Any CPU.ActiveCfg = Release|Any CPU
		{49DC751D-2A7A-44F1-949C-81A15B06EDAD}.Release|Any CPU.Build.0 = Release|Any CPU
		{897B9E25-D232-4E50-B551-29B3A3CB29E2}.Debug|Any CPU.ActiveCfg = Debug|Any CPU
		{897B9E25-D232-4E50-B551-29B3A3CB29E2}.Debug|Any CPU.Build.0 = Debug|Any CPU
		{897B9E25-D232-4E50-B551-29B3A3CB29E2}.Release|Any CPU.ActiveCfg = Release|Any CPU
		{897B9E25-D232-4E50-B551-29B3A3CB29E2}.Release|Any CPU.Build.0 = Release|Any CPU
	EndGlobalSection
	GlobalSection(SolutionProperties) = preSolution
		HideSolutionNode = FALSE
	EndGlobalSection
	GlobalSection(NestedProjects) = preSolution
		{30907BBD-B5E2-4619-93BE-1CCCE5AF47AE} = {36D591C7-65C7-A0D1-1CBC-10CDE441BDC8}
		{76F288A2-62C0-41FD-A4EA-2A8714CD2EA0} = {36D591C7-65C7-A0D1-1CBC-10CDE441BDC8}
		{49DC751D-2A7A-44F1-949C-81A15B06EDAD} = {FE28A1FA-3E4A-4CC2-878C-10F88630DEC9}
		{897B9E25-D232-4E50-B551-29B3A3CB29E2} = {FE28A1FA-3E4A-4CC2-878C-10F88630DEC9}
	EndGlobalSection
	GlobalSection(ExtensibilityGlobals) = postSolution
		SolutionGuid = {350D0B89-BCDF-47B5-B4A7-CB7A825B977B}
	EndGlobalSection
EndGlobal
